
Microsoft Visual Studio Solution File, Format Version 12.00
# Visual Studio Version 16
VisualStudioVersion = 16.0.35731.53
MinimumVisualStudioVersion = 10.0.40219.1
Project("{F184B08F-C81C-45F6-A57F-5ABD9991F28F}") = "Linear_Actuator_IAI", "Linear_Actuator_IAI\Linear_Actuator_IAI.vbproj", "{9A43E406-B767-423F-98D6-D16E6E212B4D}"
EndProject
Global
	GlobalSection(SolutionConfigurationPlatforms) = preSolution
		Debug|Any CPU = Debug|Any CPU
		Release|Any CPU = Release|Any CPU
	EndGlobalSection
	GlobalSection(ProjectConfigurationPlatforms) = postSolution
		{9A43E406-B767-423F-98D6-D16E6E212B4D}.Debug|Any CPU.ActiveCfg = Debug|Any CPU
		{9A43E406-B767-423F-98D6-D16E6E212B4D}.Debug|Any CPU.Build.0 = Debug|Any CPU
		{9A43E406-B767-423F-98D6-D16E6E212B4D}.Release|Any CPU.ActiveCfg = Release|Any CPU
		{9A43E406-B767-423F-98D6-D16E6E212B4D}.Release|Any CPU.Build.0 = Release|Any CPU
	EndGlobalSection
	GlobalSection(SolutionProperties) = preSolution
		HideSolutionNode = FALSE
	EndGlobalSection
	GlobalSection(ExtensibilityGlobals) = postSolution
		SolutionGuid = {34836B83-6F0A-435E-8100-82D4E94FDE65}
	EndGlobalSection
EndGlobal
